
Microsoft Visual Studio Solution File, Format Version 12.00
# Visual Studio Version 17
VisualStudioVersion = 17.2.32630.192
MinimumVisualStudioVersion = 10.0.40219.1
Project("{9A19103F-16F7-4668-BE54-9A1E7A4F7556}") = "wppBacklog", "wppBacklog\wppBacklog.csproj", "{37B66B59-104F-4413-9A44-140C9351D2C0}"
	ProjectSection(ProjectDependencies) = postProject
		{1EE89E55-DF3F-4C36-B4A5-14AD63E573F5} = {1EE89E55-DF3F-4C36-B4A5-14AD63E573F5}
	EndProjectSection
EndProject
Project("{9A19103F-16F7-4668-BE54-9A1E7A4F7556}") = "clsBacklog", "clsBacklog\clsBacklog.csproj", "{1EE89E55-DF3F-4C36-B4A5-14AD63E573F5}"
EndProject
Global
	GlobalSection(SolutionConfigurationPlatforms) = preSolution
		Debug|Any CPU = Debug|Any CPU
		Release|Any CPU = Release|Any CPU
	EndGlobalSection
	GlobalSection(ProjectConfigurationPlatforms) = postSolution
		{37B66B59-104F-4413-9A44-140C9351D2C0}.Debug|Any CPU.ActiveCfg = Debug|Any CPU
		{37B66B59-104F-4413-9A44-140C9351D2C0}.Debug|Any CPU.Build.0 = Debug|Any CPU
		{37B66B59-104F-4413-9A44-140C9351D2C0}.Release|Any CPU.ActiveCfg = Release|Any CPU
		{37B66B59-104F-4413-9A44-140C9351D2C0}.Release|Any CPU.Build.0 = Release|Any CPU
		{1EE89E55-DF3F-4C36-B4A5-14AD63E573F5}.Debug|Any CPU.ActiveCfg = Debug|Any CPU
		{1EE89E55-DF3F-4C36-B4A5-14AD63E573F5}.Debug|Any CPU.Build.0 = Debug|Any CPU
		{1EE89E55-DF3F-4C36-B4A5-14AD63E573F5}.Release|Any CPU.ActiveCfg = Release|Any CPU
		{1EE89E55-DF3F-4C36-B4A5-14AD63E573F5}.Release|Any CPU.Build.0 = Release|Any CPU
	EndGlobalSection
	GlobalSection(SolutionProperties) = preSolution
		HideSolutionNode = FALSE
	EndGlobalSection
	GlobalSection(ExtensibilityGlobals) = postSolution
		SolutionGuid = {D8522745-207C-45B2-BF4E-6BADB1732FE1}
	EndGlobalSection
EndGlobal
